dependencies:
- name: opentelemetry-collector
  repository: file://../opentelemetry-collector
  version: 0.56.0
- name: jaeger
  repository: https://jaegertracing.github.io/helm-charts
  version: 0.69.1
- name: prometheus
  repository: https://prometheus-community.github.io/helm-charts
  version: 20.2.0
- name: grafana
  repository: https://grafana.github.io/helm-charts
  version: 6.52.8
digest: sha256:cf71fd679feb7fef6181a73475d7318145a7a7beea4833be7a0331002078b098
generated: "2023-05-08T21:12:10.217283+02:00"
