dependencies:
- name: opentelemetry-collector
  repository: file://../opentelemetry-collector
  version: 0.49.3
- name: jaeger
  repository: https://jaegertracing.github.io/helm-charts
  version: 0.69.1
- name: prometheus
  repository: https://prometheus-community.github.io/helm-charts
  version: 19.7.2
- name: grafana
  repository: https://grafana.github.io/helm-charts
  version: 6.52.5
digest: sha256:bad02c89be3c1dc49c151ed7a380bd21073e4860261585112a0d2a75b68b42e2
generated: "2023-04-12T08:47:21.081042+02:00"
